// !$*UTF8*$!
{
	archiveVersion = 1;
	classes = {
	};
	objectVersion = 46;
	objects = {

/* Begin PBXBuildFile section */
		3657EADB1F8412C00058BB0F /* Albums.swift in Sources */ = {isa = PBXBuildFile; fileRef = 3657EADA1F8412C00058BB0F /* Albums.swift */; };
		3657EADD1F8412CB0058BB0F /* Tracks.swift in Sources */ = {isa = PBXBuildFile; fileRef = 3657EADC1F8412CB0058BB0F /* Tracks.swift */; };
		3657EAEE1F86218E0058BB0F /* Default-568h@2x.png in Resources */ = {isa = PBXBuildFile; fileRef = 3657EAED1F86218E0058BB0F /* Default-568h@2x.png */; };
		368456A31F77D73F00AF72EB /* AppDelegate.swift in Sources */ = {isa = PBXBuildFile; fileRef = 368456A21F77D73F00AF72EB /* AppDelegate.swift */; };
		368456A81F77D73F00AF72EB /* Main.storyboard in Resources */ = {isa = PBXBuildFile; fileRef = 368456A61F77D73F00AF72EB /* Main.storyboard */; };
		368456AA1F77D73F00AF72EB /* Assets.xcassets in Resources */ = {isa = PBXBuildFile; fileRef = 368456A91F77D73F00AF72EB /* Assets.xcassets */; };
		368456AD1F77D73F00AF72EB /* LaunchScreen.storyboard in Resources */ = {isa = PBXBuildFile; fileRef = 368456AB1F77D73F00AF72EB /* LaunchScreen.storyboard */; };
		368456B71F77DF7D00AF72EB /* API.swift in Sources */ = {isa = PBXBuildFile; fileRef = 368456B61F77DF7D00AF72EB /* API.swift */; };
		368456BD1F77E38A00AF72EB /* TableViewController.swift in Sources */ = {isa = PBXBuildFile; fileRef = 368456BC1F77E38A00AF72EB /* TableViewController.swift */; };
		368456BF1F77F2EF00AF72EB /* TableViewCell.swift in Sources */ = {isa = PBXBuildFile; fileRef = 368456BE1F77F2EF00AF72EB /* TableViewCell.swift */; };
		3684586B1F7A766C00AF72EB /* CollectionViewController.swift in Sources */ = {isa = PBXBuildFile; fileRef = 3684586A1F7A766C00AF72EB /* CollectionViewController.swift */; };
		36C2C61D1F7AD72400B63F73 /* CollectionViewCell.swift in Sources */ = {isa = PBXBuildFile; fileRef = 36C2C61C1F7AD72400B63F73 /* CollectionViewCell.swift */; };
		36C2C61F1F7BFA8100B63F73 /* ViewController.swift in Sources */ = {isa = PBXBuildFile; fileRef = 36C2C61E1F7BFA8100B63F73 /* ViewController.swift */; };
		36C2C6211F7C2C5300B63F73 /* SongTableViewCell.swift in Sources */ = {isa = PBXBuildFile; fileRef = 36C2C6201F7C2C5300B63F73 /* SongTableViewCell.swift */; };
		36C2C6231F7CFDB400B63F73 /* Artists.swift in Sources */ = {isa = PBXBuildFile; fileRef = 36C2C6221F7CFDB300B63F73 /* Artists.swift */; };
/* End PBXBuildFile section */

/* Begin PBXCopyFilesBuildPhase section */
		368458691F77F80A00AF72EB /* Embed Frameworks */ = {
			isa = PBXCopyFilesBuildPhase;
			buildActionMask = 2147483647;
			dstPath = "";
			dstSubfolderSpec = 10;
			files = (
			);
			name = "Embed Frameworks";
			runOnlyForDeploymentPostprocessing = 0;
		};
/* End PBXCopyFilesBuildPhase section */

/* Begin PBXFileReference section */
		3657EADA1F8412C00058BB0F /* Albums.swift */ = {isa = PBXFileReference; fileEncoding = 4; lastKnownFileType = sourcecode.swift; name = Albums.swift; path = Model/Albums.swift; sourceTree = "<group>"; };
		3657EADC1F8412CB0058BB0F /* Tracks.swift */ = {isa = PBXFileReference; fileEncoding = 4; lastKnownFileType = sourcecode.swift; name = Tracks.swift; path = Model/Tracks.swift; sourceTree = "<group>"; };
		3657EAED1F86218E0058BB0F /* Default-568h@2x.png */ = {isa = PBXFileReference; lastKnownFileType = image.png; name = "Default-568h@2x.png"; path = "../Default-568h@2x.png"; sourceTree = "<group>"; };
		3684569F1F77D73F00AF72EB /* songSearch.app */ = {isa = PBXFileReference; explicitFileType = wrapper.application; includeInIndex = 0; path = songSearch.app; sourceTree = BUILT_PRODUCTS_DIR; };
		368456A21F77D73F00AF72EB /* AppDelegate.swift */ = {isa = PBXFileReference; lastKnownFileType = sourcecode.swift; name = AppDelegate.swift; path = Source/AppDelegate.swift; sourceTree = "<group>"; };
		368456A71F77D73F00AF72EB /* Base */ = {isa = PBXFileReference; lastKnownFileType = file.storyboard; name = Base; path = Base.lproj/Main.storyboard; sourceTree = "<group>"; };
		368456A91F77D73F00AF72EB /* Assets.xcassets */ = {isa = PBXFileReference; lastKnownFileType = folder.assetcatalog; name = Assets.xcassets; path = Assets/Assets.xcassets; sourceTree = "<group>"; };
		368456AC1F77D73F00AF72EB /* Base */ = {isa = PBXFileReference; lastKnownFileType = file.storyboard; name = Base; path = Base.lproj/LaunchScreen.storyboard; sourceTree = "<group>"; };
		368456AE1F77D73F00AF72EB /* Info.plist */ = {isa = PBXFileReference; lastKnownFileType = text.plist; name = Info.plist; path = Assets/Info.plist; sourceTree = "<group>"; };
		368456B61F77DF7D00AF72EB /* API.swift */ = {isa = PBXFileReference; fileEncoding = 4; lastKnownFileType = sourcecode.swift; name = API.swift; path = Model/API.swift; sourceTree = "<group>"; };
		368456BC1F77E38A00AF72EB /* TableViewController.swift */ = {isa = PBXFileReference; fileEncoding = 4; lastKnownFileType = sourcecode.swift; name = TableViewController.swift; path = Controllers/TableViewController.swift; sourceTree = "<group>"; };
		368456BE1F77F2EF00AF72EB /* TableViewCell.swift */ = {isa = PBXFileReference; fileEncoding = 4; lastKnownFileType = sourcecode.swift; name = TableViewCell.swift; path = View/TableViewCell.swift; sourceTree = "<group>"; };
		3684586A1F7A766C00AF72EB /* CollectionViewController.swift */ = {isa = PBXFileReference; fileEncoding = 4; lastKnownFileType = sourcecode.swift; name = CollectionViewController.swift; path = Controllers/CollectionViewController.swift; sourceTree = "<group>"; };
		36C2C61C1F7AD72400B63F73 /* CollectionViewCell.swift */ = {isa = PBXFileReference; fileEncoding = 4; lastKnownFileType = sourcecode.swift; name = CollectionViewCell.swift; path = View/CollectionViewCell.swift; sourceTree = "<group>"; };
		36C2C61E1F7BFA8100B63F73 /* ViewController.swift */ = {isa = PBXFileReference; fileEncoding = 4; lastKnownFileType = sourcecode.swift; name = ViewController.swift; path = Controllers/ViewController.swift; sourceTree = "<group>"; };
		36C2C6201F7C2C5300B63F73 /* SongTableViewCell.swift */ = {isa = PBXFileReference; fileEncoding = 4; lastKnownFileType = sourcecode.swift; name = SongTableViewCell.swift; path = View/Assets.xcassets/SongTableViewCell.swift; sourceTree = "<group>"; };
		36C2C6221F7CFDB300B63F73 /* Artists.swift */ = {isa = PBXFileReference; fileEncoding = 4; lastKnownFileType = sourcecode.swift; name = Artists.swift; path = Model/Artists.swift; sourceTree = "<group>"; };
/* End PBXFileReference section */

/* Begin PBXFrameworksBuildPhase section */
		3684569C1F77D73F00AF72EB /* Frameworks */ = {
			isa = PBXFrameworksBuildPhase;
			buildActionMask = 2147483647;
			files = (
			);
			runOnlyForDeploymentPostprocessing = 0;
		};
/* End PBXFrameworksBuildPhase section */

/* Begin PBXGroup section */
		3657EAE71F861FCF0058BB0F /* Controllers */ = {
			isa = PBXGroup;
			children = (
			);
			path = Controllers;
			sourceTree = "<group>";
		};
		3657EAE91F861FE40058BB0F /* Model */ = {
			isa = PBXGroup;
			children = (
			);
			path = Model;
			sourceTree = "<group>";
		};
		3657EAEA1F861FF00058BB0F /* Assets */ = {
			isa = PBXGroup;
			children = (
			);
			path = Assets;
			sourceTree = "<group>";
		};
		3657EAEB1F8620000058BB0F /* Source */ = {
			isa = PBXGroup;
			children = (
			);
			path = Source;
			sourceTree = "<group>";
		};
		3657EAEC1F86201F0058BB0F /* View */ = {
			isa = PBXGroup;
			children = (
			);
			path = View;
			sourceTree = "<group>";
		};
		368456961F77D73F00AF72EB = {
			isa = PBXGroup;
			children = (
				368456A11F77D73F00AF72EB /* songSearch */,
				368456A01F77D73F00AF72EB /* Products */,
			);
			sourceTree = "<group>";
		};
		368456A01F77D73F00AF72EB /* Products */ = {
			isa = PBXGroup;
			children = (
				3684569F1F77D73F00AF72EB /* songSearch.app */,
			);
			name = Products;
			sourceTree = "<group>";
		};
		368456A11F77D73F00AF72EB /* songSearch */ = {
			isa = PBXGroup;
			children = (
				3657EAED1F86218E0058BB0F /* Default-568h@2x.png */,
				36C2C6201F7C2C5300B63F73 /* SongTableViewCell.swift */,
				368456BE1F77F2EF00AF72EB /* TableViewCell.swift */,
				368456AB1F77D73F00AF72EB /* LaunchScreen.storyboard */,
				36C2C61C1F7AD72400B63F73 /* CollectionViewCell.swift */,
				368456A61F77D73F00AF72EB /* Main.storyboard */,
				368456AE1F77D73F00AF72EB /* Info.plist */,
				368456A91F77D73F00AF72EB /* Assets.xcassets */,
				368456B61F77DF7D00AF72EB /* API.swift */,
				36C2C6221F7CFDB300B63F73 /* Artists.swift */,
				3657EADC1F8412CB0058BB0F /* Tracks.swift */,
				3657EADA1F8412C00058BB0F /* Albums.swift */,
				368456BC1F77E38A00AF72EB /* TableViewController.swift */,
				36C2C61E1F7BFA8100B63F73 /* ViewController.swift */,
				368456A21F77D73F00AF72EB /* AppDelegate.swift */,
				3684586A1F7A766C00AF72EB /* CollectionViewController.swift */,
				3657EAEC1F86201F0058BB0F /* View */,
				3657EAEB1F8620000058BB0F /* Source */,
				3657EAEA1F861FF00058BB0F /* Assets */,
				3657EAE91F861FE40058BB0F /* Model */,
				3657EAE71F861FCF0058BB0F /* Controllers */,
			);
			path = songSearch;
			sourceTree = "<group>";
		};
/* End PBXGroup section */

/* Begin PBXNativeTarget section */
		3684569E1F77D73F00AF72EB /* songSearch */ = {
			isa = PBXNativeTarget;
			buildConfigurationList = 368456B11F77D73F00AF72EB /* Build configuration list for PBXNativeTarget "songSearch" */;
			buildPhases = (
				3684569B1F77D73F00AF72EB /* Sources */,
				3684569C1F77D73F00AF72EB /* Frameworks */,
				3684569D1F77D73F00AF72EB /* Resources */,
				368458691F77F80A00AF72EB /* Embed Frameworks */,
			);
			buildRules = (
			);
			dependencies = (
			);
			name = songSearch;
			productName = songSearch;
			productReference = 3684569F1F77D73F00AF72EB /* songSearch.app */;
			productType = "com.apple.product-type.application";
		};
/* End PBXNativeTarget section */

/* Begin PBXProject section */
		368456971F77D73F00AF72EB /* Project object */ = {
			isa = PBXProject;
			attributes = {
				LastSwiftUpdateCheck = 0830;
				LastUpgradeCheck = 0830;
				ORGANIZATIONNAME = "George Bonnici-Carter";
				TargetAttributes = {
					3684569E1F77D73F00AF72EB = {
						CreatedOnToolsVersion = 8.3.3;
						ProvisioningStyle = Automatic;
					};
				};
			};
			buildConfigurationList = 3684569A1F77D73F00AF72EB /* Build configuration list for PBXProject "songSearch" */;
			compatibilityVersion = "Xcode 3.2";
			developmentRegion = English;
			hasScannedForEncodings = 0;
			knownRegions = (
				en,
				Base,
			);
			mainGroup = 368456961F77D73F00AF72EB;
			productRefGroup = 368456A01F77D73F00AF72EB /* Products */;
			projectDirPath = "";
			projectRoot = "";
			targets = (
				3684569E1F77D73F00AF72EB /* songSearch */,
			);
		};
/* End PBXProject section */

/* Begin PBXResourcesBuildPhase section */
		3684569D1F77D73F00AF72EB /* Resources */ = {
			isa = PBXResourcesBuildPhase;
			buildActionMask = 2147483647;
			files = (
				368456AD1F77D73F00AF72EB /* LaunchScreen.storyboard in Resources */,
				3657EAEE1F86218E0058BB0F /* Default-568h@2x.png in Resources */,
				368456AA1F77D73F00AF72EB /* Assets.xcassets in Resources */,
				368456A81F77D73F00AF72EB /* Main.storyboard in Resources */,
			);
			runOnlyForDeploymentPostprocessing = 0;
		};
/* End PBXResourcesBuildPhase section */

/* Begin PBXSourcesBuildPhase section */
		3684569B1F77D73F00AF72EB /* Sources */ = {
			isa = PBXSourcesBuildPhase;
			buildActionMask = 2147483647;
			files = (
				368456B71F77DF7D00AF72EB /* API.swift in Sources */,
				3657EADD1F8412CB0058BB0F /* Tracks.swift in Sources */,
				368456BF1F77F2EF00AF72EB /* TableViewCell.swift in Sources */,
				36C2C61D1F7AD72400B63F73 /* CollectionViewCell.swift in Sources */,
				368456A31F77D73F00AF72EB /* AppDelegate.swift in Sources */,
				36C2C6211F7C2C5300B63F73 /* SongTableViewCell.swift in Sources */,
				3657EADB1F8412C00058BB0F /* Albums.swift in Sources */,
				36C2C61F1F7BFA8100B63F73 /* ViewController.swift in Sources */,
				368456BD1F77E38A00AF72EB /* TableViewController.swift in Sources */,
				3684586B1F7A766C00AF72EB /* CollectionViewController.swift in Sources */,
				36C2C6231F7CFDB400B63F73 /* Artists.swift in Sources */,
			);
			runOnlyForDeploymentPostprocessing = 0;
		};
/* End PBXSourcesBuildPhase section */

/* Begin PBXVariantGroup section */
		368456A61F77D73F00AF72EB /* Main.storyboard */ = {
			isa = PBXVariantGroup;
			children = (
				368456A71F77D73F00AF72EB /* Base */,
			);
			name = Main.storyboard;
			path = View;
			sourceTree = "<group>";
		};
		368456AB1F77D73F00AF72EB /* LaunchScreen.storyboard */ = {
			isa = PBXVariantGroup;
			children = (
				368456AC1F77D73F00AF72EB /* Base */,
			);
			name = LaunchScreen.storyboard;
			path = View;
			sourceTree = "<group>";
		};
/* End PBXVariantGroup section */

/* Begin XCBuildConfiguration section */
		368456AF1F77D73F00AF72EB /* Debug */ = {
			isa = XCBuildConfiguration;
			buildSettings = {
				ALWAYS_SEARCH_USER_PATHS = NO;
				CLANG_ANALYZER_NONNULL = YES;
				CLANG_ANALYZER_NUMBER_OBJECT_CONVERSION = YES_AGGRESSIVE;
				CLANG_CXX_LANGUAGE_STANDARD = "gnu++0x";
				CLANG_CXX_LIBRARY = "libc++";
				CLANG_ENABLE_MODULES = YES;
				CLANG_ENABLE_OBJC_ARC = YES;
				CLANG_WARN_BOOL_CONVERSION = YES;
				CLANG_WARN_CONSTANT_CONVERSION = YES;
				CLANG_WARN_DIRECT_OBJC_ISA_USAGE = YES_ERROR;
				CLANG_WARN_DOCUMENTATION_COMMENTS = YES;
				CLANG_WARN_EMPTY_BODY = YES;
				CLANG_WARN_ENUM_CONVERSION = YES;
				CLANG_WARN_INFINITE_RECURSION = YES;
				CLANG_WARN_INT_CONVERSION = YES;
				CLANG_WARN_OBJC_ROOT_CLASS = YES_ERROR;
				CLANG_WARN_SUSPICIOUS_MOVE = YES;
				CLANG_WARN_UNREACHABLE_CODE = YES;
				CLANG_WARN__DUPLICATE_METHOD_MATCH = YES;
				"CODE_SIGN_IDENTITY[sdk=iphoneos*]" = "iPhone Developer";
				COPY_PHASE_STRIP = NO;
				DEBUG_INFORMATION_FORMAT = dwarf;
				ENABLE_STRICT_OBJC_MSGSEND = YES;
				ENABLE_TESTABILITY = YES;
				GCC_C_LANGUAGE_STANDARD = gnu99;
				GCC_DYNAMIC_NO_PIC = NO;
				GCC_NO_COMMON_BLOCKS = YES;
				GCC_OPTIMIZATION_LEVEL = 0;
				GCC_PREPROCESSOR_DEFINITIONS = (
					"DEBUG=1",
					"$(inherited)",
				);
				GCC_WARN_64_TO_32_BIT_CONVERSION = YES;
				GCC_WARN_ABOUT_RETURN_TYPE = YES_ERROR;
				GCC_WARN_UNDECLARED_SELECTOR = YES;
				GCC_WARN_UNINITIALIZED_AUTOS = YES_AGGRESSIVE;
				GCC_WARN_UNUSED_FUNCTION = YES;
				GCC_WARN_UNUSED_VARIABLE = YES;
				IPHONEOS_DEPLOYMENT_TARGET = 10.3;
				MTL_ENABLE_DEBUG_INFO = YES;
				ONLY_ACTIVE_ARCH = YES;
				SDKROOT = iphoneos;
				SWIFT_ACTIVE_COMPILATION_CONDITIONS = DEBUG;
				SWIFT_OPTIMIZATION_LEVEL = "-Onone";
			};
			name = Debug;
		};
		368456B01F77D73F00AF72EB /* Release */ = {
			isa = XCBuildConfiguration;
			buildSettings = {
				ALWAYS_SEARCH_USER_PATHS = NO;
				CLANG_ANALYZER_NONNULL = YES;
				CLANG_ANALYZER_NUMBER_OBJECT_CONVERSION = YES_AGGRESSIVE;
				CLANG_CXX_LANGUAGE_STANDARD = "gnu++0x";
				CLANG_CXX_LIBRARY = "libc++";
				CLANG_ENABLE_MODULES = YES;
				CLANG_ENABLE_OBJC_ARC = YES;
				CLANG_WARN_BOOL_CONVERSION = YES;
				CLANG_WARN_CONSTANT_CONVERSION = YES;
				CLANG_WARN_DIRECT_OBJC_ISA_USAGE = YES_ERROR;
				CLANG_WARN_DOCUMENTATION_COMMENTS = YES;
				CLANG_WARN_EMPTY_BODY = YES;
				CLANG_WARN_ENUM_CONVERSION = YES;
				CLANG_WARN_INFINITE_RECURSION = YES;
				CLANG_WARN_INT_CONVERSION = YES;
				CLANG_WARN_OBJC_ROOT_CLASS = YES_ERROR;
				CLANG_WARN_SUSPICIOUS_MOVE = YES;
				CLANG_WARN_UNREACHABLE_CODE = YES;
				CLANG_WARN__DUPLICATE_METHOD_MATCH = YES;
				"CODE_SIGN_IDENTITY[sdk=iphoneos*]" = "iPhone Developer";
				COPY_PHASE_STRIP = NO;
				DEBUG_INFORMATION_FORMAT = "dwarf-with-dsym";
				ENABLE_NS_ASSERTIONS = NO;
				ENABLE_STRICT_OBJC_MSGSEND = YES;
				GCC_C_LANGUAGE_STANDARD = gnu99;
				GCC_NO_COMMON_BLOCKS = YES;
				GCC_WARN_64_TO_32_BIT_CONVERSION = YES;
				GCC_WARN_ABOUT_RETURN_TYPE = YES_ERROR;
				GCC_WARN_UNDECLARED_SELECTOR = YES;
				GCC_WARN_UNINITIALIZED_AUTOS = YES_AGGRESSIVE;
				GCC_WARN_UNUSED_FUNCTION = YES;
				GCC_WARN_UNUSED_VARIABLE = YES;
				IPHONEOS_DEPLOYMENT_TARGET = 10.3;
				MTL_ENABLE_DEBUG_INFO = NO;
				SDKROOT = iphoneos;
				SWIFT_OPTIMIZATION_LEVEL = "-Owholemodule";
				VALIDATE_PRODUCT = YES;
			};
			name = Release;
		};
		368456B21F77D73F00AF72EB /* Debug */ = {
			isa = XCBuildConfiguration;
			buildSettings = {
				ALWAYS_EMBED_SWIFT_STANDARD_LIBRARIES = YES;
				ASSETCATALOG_COMPILER_APPICON_NAME = AppIcon;
				INFOPLIST_FILE = songSearch/Info.plist;
				LD_RUNPATH_SEARCH_PATHS = "$(inherited) @executable_path/Frameworks";
				PRODUCT_BUNDLE_IDENTIFIER = com.example.songSearch;
				PRODUCT_NAME = "$(TARGET_NAME)";
				SWIFT_VERSION = 3.0;
			};
			name = Debug;
		};
		368456B31F77D73F00AF72EB /* Release */ = {
			isa = XCBuildConfiguration;
			buildSettings = {
				ALWAYS_EMBED_SWIFT_STANDARD_LIBRARIES = YES;
				ASSETCATALOG_COMPILER_APPICON_NAME = AppIcon;
				INFOPLIST_FILE = songSearch/Info.plist;
				LD_RUNPATH_SEARCH_PATHS = "$(inherited) @executable_path/Frameworks";
				PRODUCT_BUNDLE_IDENTIFIER = com.example.songSearch;
				PRODUCT_NAME = "$(TARGET_NAME)";
				SWIFT_VERSION = 3.0;
			};
			name = Release;
		};
/* End XCBuildConfiguration section */

/* Begin XCConfigurationList section */
		3684569A1F77D73F00AF72EB /* Build configuration list for PBXProject "songSearch" */ = {
			isa = XCConfigurationList;
			buildConfigurations = (
				368456AF1F77D73F00AF72EB /* Debug */,
				368456B01F77D73F00AF72EB /* Release */,
			);
			defaultConfigurationIsVisible = 0;
			defaultConfigurationName = Release;
		};
		368456B11F77D73F00AF72EB /* Build configuration list for PBXNativeTarget "songSearch" */ = {
			isa = XCConfigurationList;
			buildConfigurations = (
				368456B21F77D73F00AF72EB /* Debug */,
				368456B31F77D73F00AF72EB /* Release */,
			);
			defaultConfigurationIsVisible = 0;
			defaultConfigurationName = Release;
		};
/* End XCConfigurationList section */
	};
	rootObject = 368456971F77D73F00AF72EB /* Project object */;
}
