// !$*UTF8*$!
{
	archiveVersion = 1;
	classes = {
	};
	objectVersion = 46;
	objects = {

/* Begin PBXBuildFile section */
		3657EAFD1F8626DA0058BB0F /* Albums.swift in Sources */ = {isa = PBXBuildFile; fileRef = 3657EAEF1F8626DA0058BB0F /* Albums.swift */; };
		3657EAFE1F8626DA0058BB0F /* API.swift in Sources */ = {isa = PBXBuildFile; fileRef = 3657EAF01F8626DA0058BB0F /* API.swift */; };
		3657EAFF1F8626DA0058BB0F /* AppDelegate.swift in Sources */ = {isa = PBXBuildFile; fileRef = 3657EAF11F8626DA0058BB0F /* AppDelegate.swift */; };
		3657EB001F8626DA0058BB0F /* Artists.swift in Sources */ = {isa = PBXBuildFile; fileRef = 3657EAF21F8626DA0058BB0F /* Artists.swift */; };
		3657EB011F8626DA0058BB0F /* Assets.xcassets in Resources */ = {isa = PBXBuildFile; fileRef = 3657EAF31F8626DA0058BB0F /* Assets.xcassets */; };
		3657EB021F8626DA0058BB0F /* Base.lproj in Resources */ = {isa = PBXBuildFile; fileRef = 3657EAF41F8626DA0058BB0F /* Base.lproj */; };
		3657EB041F8626DA0058BB0F /* CollectionViewController.swift in Sources */ = {isa = PBXBuildFile; fileRef = 3657EAF61F8626DA0058BB0F /* CollectionViewController.swift */; };
		3657EB061F8626DA0058BB0F /* SongTableViewCell.swift in Sources */ = {isa = PBXBuildFile; fileRef = 3657EAF81F8626DA0058BB0F /* SongTableViewCell.swift */; };
		3657EB071F8626DA0058BB0F /* TableViewCell.swift in Sources */ = {isa = PBXBuildFile; fileRef = 3657EAF91F8626DA0058BB0F /* TableViewCell.swift */; };
		3657EB081F8626DA0058BB0F /* TableViewController.swift in Sources */ = {isa = PBXBuildFile; fileRef = 3657EAFA1F8626DA0058BB0F /* TableViewController.swift */; };
		3657EB091F8626DA0058BB0F /* Tracks.swift in Sources */ = {isa = PBXBuildFile; fileRef = 3657EAFB1F8626DA0058BB0F /* Tracks.swift */; };
		3657EB0A1F8626DA0058BB0F /* ViewController.swift in Sources */ = {isa = PBXBuildFile; fileRef = 3657EAFC1F8626DA0058BB0F /* ViewController.swift */; };
		3657EB0C1F8627110058BB0F /* Main.storyboard in Resources */ = {isa = PBXBuildFile; fileRef = 3657EB0B1F8627110058BB0F /* Main.storyboard */; };
		36ACD4F41FAE03EF00CCC9BB /* Constants.swift in Sources */ = {isa = PBXBuildFile; fileRef = 36ACD4F31FAE03EF00CCC9BB /* Constants.swift */; };
		36CC50021F89774D008139B7 /* UIImage+Types.swift in Sources */ = {isa = PBXBuildFile; fileRef = 36CC50011F89774C008139B7 /* UIImage+Types.swift */; };
		36CC50041F897B24008139B7 /* CollectionViewCell.swift in Sources */ = {isa = PBXBuildFile; fileRef = 36CC50031F897B24008139B7 /* CollectionViewCell.swift */; };
/* End PBXBuildFile section */

/* Begin PBXCopyFilesBuildPhase section */
		368458691F77F80A00AF72EB /* Embed Frameworks */ = {
			isa = PBXCopyFilesBuildPhase;
			buildActionMask = 2147483647;
			dstPath = "";
			dstSubfolderSpec = 10;
			files = (
			);
			name = "Embed Frameworks";
			runOnlyForDeploymentPostprocessing = 0;
		};
/* End PBXCopyFilesBuildPhase section */

/* Begin PBXFileReference section */
		3657EAEF1F8626DA0058BB0F /* Albums.swift */ = {isa = PBXFileReference; fileEncoding = 4; lastKnownFileType = sourcecode.swift; name = Albums.swift; path = Model/Albums.swift; sourceTree = "<group>"; };
		3657EAF01F8626DA0058BB0F /* API.swift */ = {isa = PBXFileReference; fileEncoding = 4; lastKnownFileType = sourcecode.swift; name = API.swift; path = Model/API.swift; sourceTree = "<group>"; };
		3657EAF11F8626DA0058BB0F /* AppDelegate.swift */ = {isa = PBXFileReference; fileEncoding = 4; lastKnownFileType = sourcecode.swift; path = AppDelegate.swift; sourceTree = "<group>"; };
		3657EAF21F8626DA0058BB0F /* Artists.swift */ = {isa = PBXFileReference; fileEncoding = 4; lastKnownFileType = sourcecode.swift; name = Artists.swift; path = Model/Artists.swift; sourceTree = "<group>"; };
		3657EAF31F8626DA0058BB0F /* Assets.xcassets */ = {isa = PBXFileReference; lastKnownFileType = folder.assetcatalog; path = Assets.xcassets; sourceTree = "<group>"; };
		3657EAF41F8626DA0058BB0F /* Base.lproj */ = {isa = PBXFileReference; lastKnownFileType = folder; path = Base.lproj; sourceTree = "<group>"; };
		3657EAF61F8626DA0058BB0F /* CollectionViewController.swift */ = {isa = PBXFileReference; fileEncoding = 4; lastKnownFileType = sourcecode.swift; name = CollectionViewController.swift; path = Controller/CollectionViewController.swift; sourceTree = "<group>"; };
		3657EAF71F8626DA0058BB0F /* Info.plist */ = {isa = PBXFileReference; fileEncoding = 4; lastKnownFileType = text.plist.xml; path = Info.plist; sourceTree = "<group>"; };
		3657EAF81F8626DA0058BB0F /* SongTableViewCell.swift */ = {isa = PBXFileReference; fileEncoding = 4; lastKnownFileType = sourcecode.swift; name = SongTableViewCell.swift; path = View/SongTableViewCell.swift; sourceTree = "<group>"; };
		3657EAF91F8626DA0058BB0F /* TableViewCell.swift */ = {isa = PBXFileReference; fileEncoding = 4; lastKnownFileType = sourcecode.swift; name = TableViewCell.swift; path = View/TableViewCell.swift; sourceTree = "<group>"; };
		3657EAFA1F8626DA0058BB0F /* TableViewController.swift */ = {isa = PBXFileReference; fileEncoding = 4; lastKnownFileType = sourcecode.swift; name = TableViewController.swift; path = Controller/TableViewController.swift; sourceTree = "<group>"; };
		3657EAFB1F8626DA0058BB0F /* Tracks.swift */ = {isa = PBXFileReference; fileEncoding = 4; lastKnownFileType = sourcecode.swift; name = Tracks.swift; path = Model/Tracks.swift; sourceTree = "<group>"; };
		3657EAFC1F8626DA0058BB0F /* ViewController.swift */ = {isa = PBXFileReference; fileEncoding = 4; lastKnownFileType = sourcecode.swift; name = ViewController.swift; path = Controller/ViewController.swift; sourceTree = "<group>"; };
		3657EB0B1F8627110058BB0F /* Main.storyboard */ = {isa = PBXFileReference; fileEncoding = 4; lastKnownFileType = file.storyboard; name = Main.storyboard; path = Base.lproj/Main.storyboard; sourceTree = "<group>"; };
		3684569F1F77D73F00AF72EB /* songSearch.app */ = {isa = PBXFileReference; explicitFileType = wrapper.application; includeInIndex = 0; path = songSearch.app; sourceTree = BUILT_PRODUCTS_DIR; };
		36ACD4F31FAE03EF00CCC9BB /* Constants.swift */ = {isa = PBXFileReference; lastKnownFileType = sourcecode.swift; name = Constants.swift; path = Model/Constants.swift; sourceTree = "<group>"; };
		36CC50011F89774C008139B7 /* UIImage+Types.swift */ = {isa = PBXFileReference; lastKnownFileType = sourcecode.swift; name = "UIImage+Types.swift"; path = "Model/UIImage+Types.swift"; sourceTree = "<group>"; };
		36CC50031F897B24008139B7 /* CollectionViewCell.swift */ = {isa = PBXFileReference; lastKnownFileType = sourcecode.swift; name = CollectionViewCell.swift; path = View/CollectionViewCell.swift; sourceTree = "<group>"; };
/* End PBXFileReference section */

/* Begin PBXFrameworksBuildPhase section */
		3684569C1F77D73F00AF72EB /* Frameworks */ = {
			isa = PBXFrameworksBuildPhase;
			buildActionMask = 2147483647;
			files = (
			);
			runOnlyForDeploymentPostprocessing = 0;
		};
/* End PBXFrameworksBuildPhase section */

/* Begin PBXGroup section */
		3657EB0D1F8627990058BB0F /* Model */ = {
			isa = PBXGroup;
			children = (
				3657EAEF1F8626DA0058BB0F /* Albums.swift */,
				3657EAF01F8626DA0058BB0F /* API.swift */,
				3657EAF21F8626DA0058BB0F /* Artists.swift */,
				3657EAFB1F8626DA0058BB0F /* Tracks.swift */,
				36CC50011F89774C008139B7 /* UIImage+Types.swift */,
				36ACD4F31FAE03EF00CCC9BB /* Constants.swift */,
			);
			name = Model;
			sourceTree = "<group>";
		};
		3657EB0E1F8627E70058BB0F /* Controllers */ = {
			isa = PBXGroup;
			children = (
				3657EAF61F8626DA0058BB0F /* CollectionViewController.swift */,
				3657EAFA1F8626DA0058BB0F /* TableViewController.swift */,
				3657EAFC1F8626DA0058BB0F /* ViewController.swift */,
			);
			name = Controllers;
			sourceTree = "<group>";
		};
		3657EB0F1F8628110058BB0F /* View */ = {
			isa = PBXGroup;
			children = (
				3657EB0B1F8627110058BB0F /* Main.storyboard */,
				36CC50031F897B24008139B7 /* CollectionViewCell.swift */,
				3657EAF81F8626DA0058BB0F /* SongTableViewCell.swift */,
				3657EAF91F8626DA0058BB0F /* TableViewCell.swift */,
			);
			name = View;
			sourceTree = "<group>";
		};
		368456961F77D73F00AF72EB = {
			isa = PBXGroup;
			children = (
				368456A11F77D73F00AF72EB /* songSearch */,
				368456A01F77D73F00AF72EB /* Products */,
			);
			sourceTree = "<group>";
		};
		368456A01F77D73F00AF72EB /* Products */ = {
			isa = PBXGroup;
			children = (
				3684569F1F77D73F00AF72EB /* songSearch.app */,
			);
			name = Products;
			sourceTree = "<group>";
		};
		368456A11F77D73F00AF72EB /* songSearch */ = {
			isa = PBXGroup;
			children = (
				3657EB0F1F8628110058BB0F /* View */,
				3657EB0E1F8627E70058BB0F /* Controllers */,
				3657EB0D1F8627990058BB0F /* Model */,
				3657EAF11F8626DA0058BB0F /* AppDelegate.swift */,
				3657EAF31F8626DA0058BB0F /* Assets.xcassets */,
				3657EAF41F8626DA0058BB0F /* Base.lproj */,
				3657EAF71F8626DA0058BB0F /* Info.plist */,
			);
			path = songSearch;
			sourceTree = "<group>";
		};
/* End PBXGroup section */

/* Begin PBXNativeTarget section */
		3684569E1F77D73F00AF72EB /* songSearch */ = {
			isa = PBXNativeTarget;
			buildConfigurationList = 368456B11F77D73F00AF72EB /* Build configuration list for PBXNativeTarget "songSearch" */;
			buildPhases = (
				3684569B1F77D73F00AF72EB /* Sources */,
				3684569C1F77D73F00AF72EB /* Frameworks */,
				3684569D1F77D73F00AF72EB /* Resources */,
				368458691F77F80A00AF72EB /* Embed Frameworks */,
			);
			buildRules = (
			);
			dependencies = (
			);
			name = songSearch;
			productName = songSearch;
			productReference = 3684569F1F77D73F00AF72EB /* songSearch.app */;
			productType = "com.apple.product-type.application";
		};
/* End PBXNativeTarget section */

/* Begin PBXProject section */
		368456971F77D73F00AF72EB /* Project object */ = {
			isa = PBXProject;
			attributes = {
				LastSwiftUpdateCheck = 0830;
				LastUpgradeCheck = 0900;
				ORGANIZATIONNAME = "George Bonnici-Carter";
				TargetAttributes = {
					3684569E1F77D73F00AF72EB = {
						CreatedOnToolsVersion = 8.3.3;
						LastSwiftMigration = 0830;
						ProvisioningStyle = Automatic;
					};
				};
			};
			buildConfigurationList = 3684569A1F77D73F00AF72EB /* Build configuration list for PBXProject "songSearch" */;
			compatibilityVersion = "Xcode 3.2";
			developmentRegion = English;
			hasScannedForEncodings = 0;
			knownRegions = (
				en,
				Base,
			);
			mainGroup = 368456961F77D73F00AF72EB;
			productRefGroup = 368456A01F77D73F00AF72EB /* Products */;
			projectDirPath = "";
			projectRoot = "";
			targets = (
				3684569E1F77D73F00AF72EB /* songSearch */,
			);
		};
/* End PBXProject section */

/* Begin PBXResourcesBuildPhase section */
		3684569D1F77D73F00AF72EB /* Resources */ = {
			isa = PBXResourcesBuildPhase;
			buildActionMask = 2147483647;
			files = (
				3657EB021F8626DA0058BB0F /* Base.lproj in Resources */,
				3657EB011F8626DA0058BB0F /* Assets.xcassets in Resources */,
				3657EB0C1F8627110058BB0F /* Main.storyboard in Resources */,
			);
			runOnlyForDeploymentPostprocessing = 0;
		};
/* End PBXResourcesBuildPhase section */

/* Begin PBXSourcesBuildPhase section */
		3684569B1F77D73F00AF72EB /* Sources */ = {
			isa = PBXSourcesBuildPhase;
			buildActionMask = 2147483647;
			files = (
				3657EB041F8626DA0058BB0F /* CollectionViewController.swift in Sources */,
				3657EB091F8626DA0058BB0F /* Tracks.swift in Sources */,
				3657EB071F8626DA0058BB0F /* TableViewCell.swift in Sources */,
				3657EB0A1F8626DA0058BB0F /* ViewController.swift in Sources */,
				3657EAFF1F8626DA0058BB0F /* AppDelegate.swift in Sources */,
				3657EB061F8626DA0058BB0F /* SongTableViewCell.swift in Sources */,
				36CC50021F89774D008139B7 /* UIImage+Types.swift in Sources */,
				36ACD4F41FAE03EF00CCC9BB /* Constants.swift in Sources */,
				36CC50041F897B24008139B7 /* CollectionViewCell.swift in Sources */,
				3657EAFE1F8626DA0058BB0F /* API.swift in Sources */,
				3657EB001F8626DA0058BB0F /* Artists.swift in Sources */,
				3657EB081F8626DA0058BB0F /* TableViewController.swift in Sources */,
				3657EAFD1F8626DA0058BB0F /* Albums.swift in Sources */,
			);
			runOnlyForDeploymentPostprocessing = 0;
		};
/* End PBXSourcesBuildPhase section */

/* Begin XCBuildConfiguration section */
		368456AF1F77D73F00AF72EB /* Debug */ = {
			isa = XCBuildConfiguration;
			buildSettings = {
				ALWAYS_SEARCH_USER_PATHS = NO;
				CLANG_ANALYZER_NONNULL = YES;
				CLANG_ANALYZER_NUMBER_OBJECT_CONVERSION = YES_AGGRESSIVE;
				CLANG_CXX_LANGUAGE_STANDARD = "gnu++0x";
				CLANG_CXX_LIBRARY = "libc++";
				CLANG_ENABLE_MODULES = YES;
				CLANG_ENABLE_OBJC_ARC = YES;
				CLANG_WARN_BLOCK_CAPTURE_AUTORELEASING = YES;
				CLANG_WARN_BOOL_CONVERSION = YES;
				CLANG_WARN_COMMA = YES;
				CLANG_WARN_CONSTANT_CONVERSION = YES;
				CLANG_WARN_DIRECT_OBJC_ISA_USAGE = YES_ERROR;
				CLANG_WARN_DOCUMENTATION_COMMENTS = YES;
				CLANG_WARN_EMPTY_BODY = YES;
				CLANG_WARN_ENUM_CONVERSION = YES;
				CLANG_WARN_INFINITE_RECURSION = YES;
				CLANG_WARN_INT_CONVERSION = YES;
				CLANG_WARN_NON_LITERAL_NULL_CONVERSION = YES;
				CLANG_WARN_OBJC_LITERAL_CONVERSION = YES;
				CLANG_WARN_OBJC_ROOT_CLASS = YES_ERROR;
				CLANG_WARN_RANGE_LOOP_ANALYSIS = YES;
				CLANG_WARN_STRICT_PROTOTYPES = YES;
				CLANG_WARN_SUSPICIOUS_MOVE = YES;
				CLANG_WARN_UNREACHABLE_CODE = YES;
				CLANG_WARN__DUPLICATE_METHOD_MATCH = YES;
				"CODE_SIGN_IDENTITY[sdk=iphoneos*]" = "iPhone Developer";
				COPY_PHASE_STRIP = NO;
				DEBUG_INFORMATION_FORMAT = dwarf;
				ENABLE_STRICT_OBJC_MSGSEND = YES;
				ENABLE_TESTABILITY = YES;
				GCC_C_LANGUAGE_STANDARD = gnu99;
				GCC_DYNAMIC_NO_PIC = NO;
				GCC_NO_COMMON_BLOCKS = YES;
				GCC_OPTIMIZATION_LEVEL = 0;
				GCC_PREPROCESSOR_DEFINITIONS = (
					"DEBUG=1",
					"$(inherited)",
				);
				GCC_WARN_64_TO_32_BIT_CONVERSION = YES;
				GCC_WARN_ABOUT_RETURN_TYPE = YES_ERROR;
				GCC_WARN_UNDECLARED_SELECTOR = YES;
				GCC_WARN_UNINITIALIZED_AUTOS = YES_AGGRESSIVE;
				GCC_WARN_UNUSED_FUNCTION = YES;
				GCC_WARN_UNUSED_VARIABLE = YES;
				IPHONEOS_DEPLOYMENT_TARGET = 10.3;
				MTL_ENABLE_DEBUG_INFO = YES;
				ONLY_ACTIVE_ARCH = YES;
				SDKROOT = iphoneos;
				SWIFT_ACTIVE_COMPILATION_CONDITIONS = DEBUG;
				SWIFT_OPTIMIZATION_LEVEL = "-Onone";
			};
			name = Debug;
		};
		368456B01F77D73F00AF72EB /* Release */ = {
			isa = XCBuildConfiguration;
			buildSettings = {
				ALWAYS_SEARCH_USER_PATHS = NO;
				CLANG_ANALYZER_NONNULL = YES;
				CLANG_ANALYZER_NUMBER_OBJECT_CONVERSION = YES_AGGRESSIVE;
				CLANG_CXX_LANGUAGE_STANDARD = "gnu++0x";
				CLANG_CXX_LIBRARY = "libc++";
				CLANG_ENABLE_MODULES = YES;
				CLANG_ENABLE_OBJC_ARC = YES;
				CLANG_WARN_BLOCK_CAPTURE_AUTORELEASING = YES;
				CLANG_WARN_BOOL_CONVERSION = YES;
				CLANG_WARN_COMMA = YES;
				CLANG_WARN_CONSTANT_CONVERSION = YES;
				CLANG_WARN_DIRECT_OBJC_ISA_USAGE = YES_ERROR;
				CLANG_WARN_DOCUMENTATION_COMMENTS = YES;
				CLANG_WARN_EMPTY_BODY = YES;
				CLANG_WARN_ENUM_CONVERSION = YES;
				CLANG_WARN_INFINITE_RECURSION = YES;
				CLANG_WARN_INT_CONVERSION = YES;
				CLANG_WARN_NON_LITERAL_NULL_CONVERSION = YES;
				CLANG_WARN_OBJC_LITERAL_CONVERSION = YES;
				CLANG_WARN_OBJC_ROOT_CLASS = YES_ERROR;
				CLANG_WARN_RANGE_LOOP_ANALYSIS = YES;
				CLANG_WARN_STRICT_PROTOTYPES = YES;
				CLANG_WARN_SUSPICIOUS_MOVE = YES;
				CLANG_WARN_UNREACHABLE_CODE = YES;
				CLANG_WARN__DUPLICATE_METHOD_MATCH = YES;
				"CODE_SIGN_IDENTITY[sdk=iphoneos*]" = "iPhone Developer";
				COPY_PHASE_STRIP = NO;
				DEBUG_INFORMATION_FORMAT = "dwarf-with-dsym";
				ENABLE_NS_ASSERTIONS = NO;
				ENABLE_STRICT_OBJC_MSGSEND = YES;
				GCC_C_LANGUAGE_STANDARD = gnu99;
				GCC_NO_COMMON_BLOCKS = YES;
				GCC_WARN_64_TO_32_BIT_CONVERSION = YES;
				GCC_WARN_ABOUT_RETURN_TYPE = YES_ERROR;
				GCC_WARN_UNDECLARED_SELECTOR = YES;
				GCC_WARN_UNINITIALIZED_AUTOS = YES_AGGRESSIVE;
				GCC_WARN_UNUSED_FUNCTION = YES;
				GCC_WARN_UNUSED_VARIABLE = YES;
				IPHONEOS_DEPLOYMENT_TARGET = 10.3;
				MTL_ENABLE_DEBUG_INFO = NO;
				SDKROOT = iphoneos;
				SWIFT_OPTIMIZATION_LEVEL = "-Owholemodule";
				VALIDATE_PRODUCT = YES;
			};
			name = Release;
		};
		368456B21F77D73F00AF72EB /* Debug */ = {
			isa = XCBuildConfiguration;
			buildSettings = {
				ALWAYS_EMBED_SWIFT_STANDARD_LIBRARIES = YES;
				ASSETCATALOG_COMPILER_APPICON_NAME = AppIcon;
				CLANG_ENABLE_MODULES = YES;
				INFOPLIST_FILE = songSearch/Info.plist;
				LD_RUNPATH_SEARCH_PATHS = "$(inherited) @executable_path/Frameworks";
				PRODUCT_BUNDLE_IDENTIFIER = com.example.songSearch;
				PRODUCT_NAME = "$(TARGET_NAME)";
				SWIFT_OPTIMIZATION_LEVEL = "-Onone";
				SWIFT_VERSION = 3.0;
			};
			name = Debug;
		};
		368456B31F77D73F00AF72EB /* Release */ = {
			isa = XCBuildConfiguration;
			buildSettings = {
				ALWAYS_EMBED_SWIFT_STANDARD_LIBRARIES = YES;
				ASSETCATALOG_COMPILER_APPICON_NAME = AppIcon;
				CLANG_ENABLE_MODULES = YES;
				INFOPLIST_FILE = songSearch/Info.plist;
				LD_RUNPATH_SEARCH_PATHS = "$(inherited) @executable_path/Frameworks";
				PRODUCT_BUNDLE_IDENTIFIER = com.example.songSearch;
				PRODUCT_NAME = "$(TARGET_NAME)";
				SWIFT_VERSION = 3.0;
			};
			name = Release;
		};
/* End XCBuildConfiguration section */

/* Begin XCConfigurationList section */
		3684569A1F77D73F00AF72EB /* Build configuration list for PBXProject "songSearch" */ = {
			isa = XCConfigurationList;
			buildConfigurations = (
				368456AF1F77D73F00AF72EB /* Debug */,
				368456B01F77D73F00AF72EB /* Release */,
			);
			defaultConfigurationIsVisible = 0;
			defaultConfigurationName = Release;
		};
		368456B11F77D73F00AF72EB /* Build configuration list for PBXNativeTarget "songSearch" */ = {
			isa = XCConfigurationList;
			buildConfigurations = (
				368456B21F77D73F00AF72EB /* Debug */,
				368456B31F77D73F00AF72EB /* Release */,
			);
			defaultConfigurationIsVisible = 0;
			defaultConfigurationName = Release;
		};
/* End XCConfigurationList section */
	};
	rootObject = 368456971F77D73F00AF72EB /* Project object */;
}
